
Microsoft Visual Studio Solution File, Format Version 12.00
# Visual Studio 15
Project("{FAE04EC0-301F-11D3-BF4B-00C04F79EFBC}") = "ToistorakenneJatkuu4", "ToistorakenneJatkuu4\ToistorakenneJatkuu4.csproj", "{6FA854AB-9A49-4495-9ED3-43523AA9B819}"
EndProject
Global
	GlobalSection(SolutionConfigurationPlatforms) = preSolution
		Debug|Any CPU = Debug|Any CPU
		Release|Any CPU = Release|Any CPU
	EndGlobalSection
	GlobalSection(ProjectConfigurationPlatforms) = postSolution
		{6FA854AB-9A49-4495-9ED3-43523AA9B819}.Debug|Any CPU.ActiveCfg = Debug|Any CPU
		{6FA854AB-9A49-4495-9ED3-43523AA9B819}.Debug|Any CPU.Build.0 = Debug|Any CPU
		{6FA854AB-9A49-4495-9ED3-43523AA9B819}.Release|Any CPU.ActiveCfg = Release|Any CPU
		{6FA854AB-9A49-4495-9ED3-43523AA9B819}.Release|Any CPU.Build.0 = Release|Any CPU
	EndGlobalSection
EndGlobal
