
Microsoft Visual Studio Solution File, Format Version 12.00
# Visual Studio 15
Project("{FAE04EC0-301F-11D3-BF4B-00C04F79EFBC}") = "ExampleAverage", "ExampleAverage\ExampleAverage.csproj", "{CA8542DC-302F-4AF4-A8E2-476814CF3518}"
EndProject
Global
	GlobalSection(SolutionConfigurationPlatforms) = preSolution
		Debug|Any CPU = Debug|Any CPU
		Release|Any CPU = Release|Any CPU
	EndGlobalSection
	GlobalSection(ProjectConfigurationPlatforms) = postSolution
		{CA8542DC-302F-4AF4-A8E2-476814CF3518}.Debug|Any CPU.ActiveCfg = Debug|Any CPU
		{CA8542DC-302F-4AF4-A8E2-476814CF3518}.Debug|Any CPU.Build.0 = Debug|Any CPU
		{CA8542DC-302F-4AF4-A8E2-476814CF3518}.Release|Any CPU.ActiveCfg = Release|Any CPU
		{CA8542DC-302F-4AF4-A8E2-476814CF3518}.Release|Any CPU.Build.0 = Release|Any CPU
	EndGlobalSection
EndGlobal
