
Microsoft Visual Studio Solution File, Format Version 12.00
# Visual Studio 15
Project("{FAE04EC0-301F-11D3-BF4B-00C04F79EFBC}") = "ParillinenPariton", "ParillinenPariton.csproj", "{914BB938-2C2E-4156-AED1-3A516E8A212B}"
EndProject
Global
	GlobalSection(SolutionConfigurationPlatforms) = preSolution
		Debug|Any CPU = Debug|Any CPU
		Release|Any CPU = Release|Any CPU
	EndGlobalSection
	GlobalSection(ProjectConfigurationPlatforms) = postSolution
		{914BB938-2C2E-4156-AED1-3A516E8A212B}.Debug|Any CPU.ActiveCfg = Debug|Any CPU
		{914BB938-2C2E-4156-AED1-3A516E8A212B}.Debug|Any CPU.Build.0 = Debug|Any CPU
		{914BB938-2C2E-4156-AED1-3A516E8A212B}.Release|Any CPU.ActiveCfg = Release|Any CPU
		{914BB938-2C2E-4156-AED1-3A516E8A212B}.Release|Any CPU.Build.0 = Release|Any CPU
	EndGlobalSection
EndGlobal
