
Microsoft Visual Studio Solution File, Format Version 12.00
# Visual Studio 15
Project("{FAE04EC0-301F-11D3-BF4B-00C04F79EFBC}") = "ToistorakenneJatkuu", "ToistorakenneJatkuu\ToistorakenneJatkuu.csproj", "{0C57D4DC-0749-4531-A55F-F9F17FED5778}"
EndProject
Global
	GlobalSection(SolutionConfigurationPlatforms) = preSolution
		Debug|Any CPU = Debug|Any CPU
		Release|Any CPU = Release|Any CPU
	EndGlobalSection
	GlobalSection(ProjectConfigurationPlatforms) = postSolution
		{0C57D4DC-0749-4531-A55F-F9F17FED5778}.Debug|Any CPU.ActiveCfg = Debug|Any CPU
		{0C57D4DC-0749-4531-A55F-F9F17FED5778}.Debug|Any CPU.Build.0 = Debug|Any CPU
		{0C57D4DC-0749-4531-A55F-F9F17FED5778}.Release|Any CPU.ActiveCfg = Release|Any CPU
		{0C57D4DC-0749-4531-A55F-F9F17FED5778}.Release|Any CPU.Build.0 = Release|Any CPU
	EndGlobalSection
EndGlobal
